
Microsoft Visual Studio Solution File, Format Version 12.00
# Visual Studio 15
Project("{FAE04EC0-301F-11D3-BF4B-00C04F79EFBC}") = "Assembly-CSharp", "Assembly-CSharp.csproj", "{EEB05A98-2CF3-10DD-79FD-61D5E0123D4E}"
EndProject
Project("{FAE04EC0-301F-11D3-BF4B-00C04F79EFBC}") = "Assembly-CSharp-Editor", "Assembly-CSharp-Editor.csproj", "{F524A1BE-29EA-F96E-1076-DC175B1527A8}"
EndProject
Global
	GlobalSection(SolutionConfigurationPlatforms) = preSolution
		Debug|Any CPU = Debug|Any CPU
		Release|Any CPU = Release|Any CPU
	EndGlobalSection
	GlobalSection(ProjectConfigurationPlatforms) = postSolution
		{EEB05A98-2CF3-10DD-79FD-61D5E0123D4E}.Debug|Any CPU.ActiveCfg = Debug|Any CPU
		{EEB05A98-2CF3-10DD-79FD-61D5E0123D4E}.Debug|Any CPU.Build.0 = Debug|Any CPU
		{EEB05A98-2CF3-10DD-79FD-61D5E0123D4E}.Release|Any CPU.ActiveCfg = Release|Any CPU
		{EEB05A98-2CF3-10DD-79FD-61D5E0123D4E}.Release|Any CPU.Build.0 = Release|Any CPU
		{F524A1BE-29EA-F96E-1076-DC175B1527A8}.Debug|Any CPU.ActiveCfg = Debug|Any CPU
		{F524A1BE-29EA-F96E-1076-DC175B1527A8}.Debug|Any CPU.Build.0 = Debug|Any CPU
		{F524A1BE-29EA-F96E-1076-DC175B1527A8}.Release|Any CPU.ActiveCfg = Release|Any CPU
		{F524A1BE-29EA-F96E-1076-DC175B1527A8}.Release|Any CPU.Build.0 = Release|Any CPU
	EndGlobalSection
	GlobalSection(SolutionProperties) = preSolution
		HideSolutionNode = FALSE
	EndGlobalSection
EndGlobal
